// !$*UTF8*$!
{
	archiveVersion = 1;
	classes = {
	};
	objectVersion = 50;
	objects = {

/* Begin PBXBuildFile section */
		BB16C777218DF2DE00540603 /* CardViewBehavior.swift in Sources */ = {isa = PBXBuildFile; fileRef = BB16C776218DF2DE00540603 /* CardViewBehavior.swift */; };
		BB52D9FF217B8FF50092EC9C /* AppDelegate.swift in Sources */ = {isa = PBXBuildFile; fileRef = BB52D9FE217B8FF50092EC9C /* AppDelegate.swift */; };
		BB52DA01217B8FF50092EC9C /* ViewController.swift in Sources */ = {isa = PBXBuildFile; fileRef = BB52DA00217B8FF50092EC9C /* ViewController.swift */; };
		BB52DA04217B8FF50092EC9C /* Main.storyboard in Resources */ = {isa = PBXBuildFile; fileRef = BB52DA02217B8FF50092EC9C /* Main.storyboard */; };
		BB52DA06217B8FF80092EC9C /* Assets.xcassets in Resources */ = {isa = PBXBuildFile; fileRef = BB52DA05217B8FF80092EC9C /* Assets.xcassets */; };
		BB52DA09217B8FF80092EC9C /* LaunchScreen.storyboard in Resources */ = {isa = PBXBuildFile; fileRef = BB52DA07217B8FF80092EC9C /* LaunchScreen.storyboard */; };
		BB52DA11217B90590092EC9C /* Grid.swift in Sources */ = {isa = PBXBuildFile; fileRef = BB52DA10217B90590092EC9C /* Grid.swift */; };
		BB52DA13217B97910092EC9C /* Card.swift in Sources */ = {isa = PBXBuildFile; fileRef = BB52DA12217B97910092EC9C /* Card.swift */; };
		BB52DA15217B98D40092EC9C /* CardDeck.swift in Sources */ = {isa = PBXBuildFile; fileRef = BB52DA14217B98D40092EC9C /* CardDeck.swift */; };
		BB52DA1B217BA39B0092EC9C /* CardView.swift in Sources */ = {isa = PBXBuildFile; fileRef = BB52DA1A217BA39B0092EC9C /* CardView.swift */; };
/* End PBXBuildFile section */

/* Begin PBXFileReference section */
		BB16C776218DF2DE00540603 /* CardViewBehavior.swift */ = {isa = PBXFileReference; lastKnownFileType = sourcecode.swift; path = CardViewBehavior.swift; sourceTree = "<group>"; };
		BB52D9FB217B8FF50092EC9C /* Set Game Ver2.0.app */ = {isa = PBXFileReference; explicitFileType = wrapper.application; includeInIndex = 0; path = "Set Game Ver2.0.app"; sourceTree = BUILT_PRODUCTS_DIR; };
		BB52D9FE217B8FF50092EC9C /* AppDelegate.swift */ = {isa = PBXFileReference; lastKnownFileType = sourcecode.swift; path = AppDelegate.swift; sourceTree = "<group>"; };
		BB52DA00217B8FF50092EC9C /* ViewController.swift */ = {isa = PBXFileReference; lastKnownFileType = sourcecode.swift; path = ViewController.swift; sourceTree = "<group>"; };
		BB52DA03217B8FF50092EC9C /* Base */ = {isa = PBXFileReference; lastKnownFileType = file.storyboard; name = Base; path = Base.lproj/Main.storyboard; sourceTree = "<group>"; };
		BB52DA05217B8FF80092EC9C /* Assets.xcassets */ = {isa = PBXFileReference; lastKnownFileType = folder.assetcatalog; path = Assets.xcassets; sourceTree = "<group>"; };
		BB52DA08217B8FF80092EC9C /* Base */ = {isa = PBXFileReference; lastKnownFileType = file.storyboard; name = Base; path = Base.lproj/LaunchScreen.storyboard; sourceTree = "<group>"; };
		BB52DA0A217B8FF80092EC9C /* Info.plist */ = {isa = PBXFileReference; lastKnownFileType = text.plist.xml; path = Info.plist; sourceTree = "<group>"; };
		BB52DA10217B90590092EC9C /* Grid.swift */ = {isa = PBXFileReference; lastKnownFileType = sourcecode.swift; path = Grid.swift; sourceTree = "<group>"; };
		BB52DA12217B97910092EC9C /* Card.swift */ = {isa = PBXFileReference; lastKnownFileType = sourcecode.swift; path = Card.swift; sourceTree = "<group>"; };
		BB52DA14217B98D40092EC9C /* CardDeck.swift */ = {isa = PBXFileReference; lastKnownFileType = sourcecode.swift; path = CardDeck.swift; sourceTree = "<group>"; };
		BB52DA1A217BA39B0092EC9C /* CardView.swift */ = {isa = PBXFileReference; lastKnownFileType = sourcecode.swift; path = CardView.swift; sourceTree = "<group>"; };
/* End PBXFileReference section */

/* Begin PBXFrameworksBuildPhase section */
		BB52D9F8217B8FF50092EC9C /* Frameworks */ = {
			isa = PBXFrameworksBuildPhase;
			buildActionMask = 2147483647;
			files = (
			);
			runOnlyForDeploymentPostprocessing = 0;
		};
/* End PBXFrameworksBuildPhase section */

/* Begin PBXGroup section */
		BB52D9F2217B8FF50092EC9C = {
			isa = PBXGroup;
			children = (
				BB52D9FD217B8FF50092EC9C /* Set Game Ver2.0 */,
				BB52D9FC217B8FF50092EC9C /* Products */,
			);
			sourceTree = "<group>";
		};
		BB52D9FC217B8FF50092EC9C /* Products */ = {
			isa = PBXGroup;
			children = (
				BB52D9FB217B8FF50092EC9C /* Set Game Ver2.0.app */,
			);
			name = Products;
			sourceTree = "<group>";
		};
		BB52D9FD217B8FF50092EC9C /* Set Game Ver2.0 */ = {
			isa = PBXGroup;
			children = (
				BB16C776218DF2DE00540603 /* CardViewBehavior.swift */,
				BB52D9FE217B8FF50092EC9C /* AppDelegate.swift */,
				BB52DA1A217BA39B0092EC9C /* CardView.swift */,
				BB52DA00217B8FF50092EC9C /* ViewController.swift */,
				BB52DA10217B90590092EC9C /* Grid.swift */,
				BB52DA02217B8FF50092EC9C /* Main.storyboard */,
				BB52DA12217B97910092EC9C /* Card.swift */,
				BB52DA14217B98D40092EC9C /* CardDeck.swift */,
				BB52DA05217B8FF80092EC9C /* Assets.xcassets */,
				BB52DA07217B8FF80092EC9C /* LaunchScreen.storyboard */,
				BB52DA0A217B8FF80092EC9C /* Info.plist */,
			);
			path = "Set Game Ver2.0";
			sourceTree = "<group>";
		};
/* End PBXGroup section */

/* Begin PBXNativeTarget section */
		BB52D9FA217B8FF50092EC9C /* Set Game Ver2.0 */ = {
			isa = PBXNativeTarget;
			buildConfigurationList = BB52DA0D217B8FF80092EC9C /* Build configuration list for PBXNativeTarget "Set Game Ver2.0" */;
			buildPhases = (
				BB52D9F7217B8FF50092EC9C /* Sources */,
				BB52D9F8217B8FF50092EC9C /* Frameworks */,
				BB52D9F9217B8FF50092EC9C /* Resources */,
			);
			buildRules = (
			);
			dependencies = (
			);
			name = "Set Game Ver2.0";
			productName = "Set Game Ver2.0";
			productReference = BB52D9FB217B8FF50092EC9C /* Set Game Ver2.0.app */;
			productType = "com.apple.product-type.application";
		};
/* End PBXNativeTarget section */

/* Begin PBXProject section */
		BB52D9F3217B8FF50092EC9C /* Project object */ = {
			isa = PBXProject;
			attributes = {
				LastSwiftUpdateCheck = 1000;
				LastUpgradeCheck = 1000;
				ORGANIZATIONNAME = DoDo;
				TargetAttributes = {
					BB52D9FA217B8FF50092EC9C = {
						CreatedOnToolsVersion = 10.0;
					};
				};
			};
			buildConfigurationList = BB52D9F6217B8FF50092EC9C /* Build configuration list for PBXProject "Set Game Ver2.0" */;
			compatibilityVersion = "Xcode 9.3";
			developmentRegion = en;
			hasScannedForEncodings = 0;
			knownRegions = (
				en,
				Base,
			);
			mainGroup = BB52D9F2217B8FF50092EC9C;
			productRefGroup = BB52D9FC217B8FF50092EC9C /* Products */;
			projectDirPath = "";
			projectRoot = "";
			targets = (
				BB52D9FA217B8FF50092EC9C /* Set Game Ver2.0 */,
			);
		};
/* End PBXProject section */

/* Begin PBXResourcesBuildPhase section */
		BB52D9F9217B8FF50092EC9C /* Resources */ = {
			isa = PBXResourcesBuildPhase;
			buildActionMask = 2147483647;
			files = (
				BB52DA09217B8FF80092EC9C /* LaunchScreen.storyboard in Resources */,
				BB52DA06217B8FF80092EC9C /* Assets.xcassets in Resources */,
				BB52DA04217B8FF50092EC9C /* Main.storyboard in Resources */,
			);
			runOnlyForDeploymentPostprocessing = 0;
		};
/* End PBXResourcesBuildPhase section */

/* Begin PBXSourcesBuildPhase section */
		BB52D9F7217B8FF50092EC9C /* Sources */ = {
			isa = PBXSourcesBuildPhase;
			buildActionMask = 2147483647;
			files = (
				BB52DA01217B8FF50092EC9C /* ViewController.swift in Sources */,
				BB52DA15217B98D40092EC9C /* CardDeck.swift in Sources */,
				BB52D9FF217B8FF50092EC9C /* AppDelegate.swift in Sources */,
				BB16C777218DF2DE00540603 /* CardViewBehavior.swift in Sources */,
				BB52DA11217B90590092EC9C /* Grid.swift in Sources */,
				BB52DA1B217BA39B0092EC9C /* CardView.swift in Sources */,
				BB52DA13217B97910092EC9C /* Card.swift in Sources */,
			);
			runOnlyForDeploymentPostprocessing = 0;
		};
/* End PBXSourcesBuildPhase section */

/* Begin PBXVariantGroup section */
		BB52DA02217B8FF50092EC9C /* Main.storyboard */ = {
			isa = PBXVariantGroup;
			children = (
				BB52DA03217B8FF50092EC9C /* Base */,
			);
			name = Main.storyboard;
			sourceTree = "<group>";
		};
		BB52DA07217B8FF80092EC9C /* LaunchScreen.storyboard */ = {
			isa = PBXVariantGroup;
			children = (
				BB52DA08217B8FF80092EC9C /* Base */,
			);
			name = LaunchScreen.storyboard;
			sourceTree = "<group>";
		};
/* End PBXVariantGroup section */

/* Begin XCBuildConfiguration section */
		BB52DA0B217B8FF80092EC9C /* Debug */ = {
			isa = XCBuildConfiguration;
			buildSettings = {
				ALWAYS_SEARCH_USER_PATHS = NO;
				CLANG_ANALYZER_NONNULL = YES;
				CLANG_ANALYZER_NUMBER_OBJECT_CONVERSION = YES_AGGRESSIVE;
				CLANG_CXX_LANGUAGE_STANDARD = "gnu++14";
				CLANG_CXX_LIBRARY = "libc++";
				CLANG_ENABLE_MODULES = YES;
				CLANG_ENABLE_OBJC_ARC = YES;
				CLANG_ENABLE_OBJC_WEAK = YES;
				CLANG_WARN_BLOCK_CAPTURE_AUTORELEASING = YES;
				CLANG_WARN_BOOL_CONVERSION = YES;
				CLANG_WARN_COMMA = YES;
				CLANG_WARN_CONSTANT_CONVERSION = YES;
				CLANG_WARN_DEPRECATED_OBJC_IMPLEMENTATIONS = YES;
				CLANG_WARN_DIRECT_OBJC_ISA_USAGE = YES_ERROR;
				CLANG_WARN_DOCUMENTATION_COMMENTS = YES;
				CLANG_WARN_EMPTY_BODY = YES;
				CLANG_WARN_ENUM_CONVERSION = YES;
				CLANG_WARN_INFINITE_RECURSION = YES;
				CLANG_WARN_INT_CONVERSION = YES;
				CLANG_WARN_NON_LITERAL_NULL_CONVERSION = YES;
				CLANG_WARN_OBJC_IMPLICIT_RETAIN_SELF = YES;
				CLANG_WARN_OBJC_LITERAL_CONVERSION = YES;
				CLANG_WARN_OBJC_ROOT_CLASS = YES_ERROR;
				CLANG_WARN_RANGE_LOOP_ANALYSIS = YES;
				CLANG_WARN_STRICT_PROTOTYPES = YES;
				CLANG_WARN_SUSPICIOUS_MOVE = YES;
				CLANG_WARN_UNGUARDED_AVAILABILITY = YES_AGGRESSIVE;
				CLANG_WARN_UNREACHABLE_CODE = YES;
				CLANG_WARN__DUPLICATE_METHOD_MATCH = YES;
				CODE_SIGN_IDENTITY = "iPhone Developer";
				COPY_PHASE_STRIP = NO;
				DEBUG_INFORMATION_FORMAT = dwarf;
				ENABLE_STRICT_OBJC_MSGSEND = YES;
				ENABLE_TESTABILITY = YES;
				GCC_C_LANGUAGE_STANDARD = gnu11;
				GCC_DYNAMIC_NO_PIC = NO;
				GCC_NO_COMMON_BLOCKS = YES;
				GCC_OPTIMIZATION_LEVEL = 0;
				GCC_PREPROCESSOR_DEFINITIONS = (
					"DEBUG=1",
					"$(inherited)",
				);
				GCC_WARN_64_TO_32_BIT_CONVERSION = YES;
				GCC_WARN_ABOUT_RETURN_TYPE = YES_ERROR;
				GCC_WARN_UNDECLARED_SELECTOR = YES;
				GCC_WARN_UNINITIALIZED_AUTOS = YES_AGGRESSIVE;
				GCC_WARN_UNUSED_FUNCTION = YES;
				GCC_WARN_UNUSED_VARIABLE = YES;
				IPHONEOS_DEPLOYMENT_TARGET = 12.0;
				MTL_ENABLE_DEBUG_INFO = INCLUDE_SOURCE;
				MTL_FAST_MATH = YES;
				ONLY_ACTIVE_ARCH = YES;
				SDKROOT = iphoneos;
				SWIFT_ACTIVE_COMPILATION_CONDITIONS = DEBUG;
				SWIFT_OPTIMIZATION_LEVEL = "-Onone";
			};
			name = Debug;
		};
		BB52DA0C217B8FF80092EC9C /* Release */ = {
			isa = XCBuildConfiguration;
			buildSettings = {
				ALWAYS_SEARCH_USER_PATHS = NO;
				CLANG_ANALYZER_NONNULL = YES;
				CLANG_ANALYZER_NUMBER_OBJECT_CONVERSION = YES_AGGRESSIVE;
				CLANG_CXX_LANGUAGE_STANDARD = "gnu++14";
				CLANG_CXX_LIBRARY = "libc++";
				CLANG_ENABLE_MODULES = YES;
				CLANG_ENABLE_OBJC_ARC = YES;
				CLANG_ENABLE_OBJC_WEAK = YES;
				CLANG_WARN_BLOCK_CAPTURE_AUTORELEASING = YES;
				CLANG_WARN_BOOL_CONVERSION = YES;
				CLANG_WARN_COMMA = YES;
				CLANG_WARN_CONSTANT_CONVERSION = YES;
				CLANG_WARN_DEPRECATED_OBJC_IMPLEMENTATIONS = YES;
				CLANG_WARN_DIRECT_OBJC_ISA_USAGE = YES_ERROR;
				CLANG_WARN_DOCUMENTATION_COMMENTS = YES;
				CLANG_WARN_EMPTY_BODY = YES;
				CLANG_WARN_ENUM_CONVERSION = YES;
				CLANG_WARN_INFINITE_RECURSION = YES;
				CLANG_WARN_INT_CONVERSION = YES;
				CLANG_WARN_NON_LITERAL_NULL_CONVERSION = YES;
				CLANG_WARN_OBJC_IMPLICIT_RETAIN_SELF = YES;
				CLANG_WARN_OBJC_LITERAL_CONVERSION = YES;
				CLANG_WARN_OBJC_ROOT_CLASS = YES_ERROR;
				CLANG_WARN_RANGE_LOOP_ANALYSIS = YES;
				CLANG_WARN_STRICT_PROTOTYPES = YES;
				CLANG_WARN_SUSPICIOUS_MOVE = YES;
				CLANG_WARN_UNGUARDED_AVAILABILITY = YES_AGGRESSIVE;
				CLANG_WARN_UNREACHABLE_CODE = YES;
				CLANG_WARN__DUPLICATE_METHOD_MATCH = YES;
				CODE_SIGN_IDENTITY = "iPhone Developer";
				COPY_PHASE_STRIP = NO;
				DEBUG_INFORMATION_FORMAT = "dwarf-with-dsym";
				ENABLE_NS_ASSERTIONS = NO;
				ENABLE_STRICT_OBJC_MSGSEND = YES;
				GCC_C_LANGUAGE_STANDARD = gnu11;
				GCC_NO_COMMON_BLOCKS = YES;
				GCC_WARN_64_TO_32_BIT_CONVERSION = YES;
				GCC_WARN_ABOUT_RETURN_TYPE = YES_ERROR;
				GCC_WARN_UNDECLARED_SELECTOR = YES;
				GCC_WARN_UNINITIALIZED_AUTOS = YES_AGGRESSIVE;
				GCC_WARN_UNUSED_FUNCTION = YES;
				GCC_WARN_UNUSED_VARIABLE = YES;
				IPHONEOS_DEPLOYMENT_TARGET = 12.0;
				MTL_ENABLE_DEBUG_INFO = NO;
				MTL_FAST_MATH = YES;
				SDKROOT = iphoneos;
				SWIFT_COMPILATION_MODE = wholemodule;
				SWIFT_OPTIMIZATION_LEVEL = "-O";
				VALIDATE_PRODUCT = YES;
			};
			name = Release;
		};
		BB52DA0E217B8FF80092EC9C /* Debug */ = {
			isa = XCBuildConfiguration;
			buildSettings = {
				ASSETCATALOG_COMPILER_APPICON_NAME = AppIcon;
				CODE_SIGN_STYLE = Automatic;
				DEVELOPMENT_TEAM = AU35KS39TB;
				INFOPLIST_FILE = "Set Game Ver2.0/Info.plist";
				LD_RUNPATH_SEARCH_PATHS = (
					"$(inherited)",
					"@executable_path/Frameworks",
				);
				PRODUCT_BUNDLE_IDENTIFIER = "com.DoDo.Set-Game-Ver2-0";
				PRODUCT_NAME = "$(TARGET_NAME)";
				SWIFT_VERSION = 4.2;
				TARGETED_DEVICE_FAMILY = "1,2";
			};
			name = Debug;
		};
		BB52DA0F217B8FF80092EC9C /* Release */ = {
			isa = XCBuildConfiguration;
			buildSettings = {
				ASSETCATALOG_COMPILER_APPICON_NAME = AppIcon;
				CODE_SIGN_STYLE = Automatic;
				DEVELOPMENT_TEAM = AU35KS39TB;
				INFOPLIST_FILE = "Set Game Ver2.0/Info.plist";
				LD_RUNPATH_SEARCH_PATHS = (
					"$(inherited)",
					"@executable_path/Frameworks",
				);
				PRODUCT_BUNDLE_IDENTIFIER = "com.DoDo.Set-Game-Ver2-0";
				PRODUCT_NAME = "$(TARGET_NAME)";
				SWIFT_VERSION = 4.2;
				TARGETED_DEVICE_FAMILY = "1,2";
			};
			name = Release;
		};
/* End XCBuildConfiguration section */

/* Begin XCConfigurationList section */
		BB52D9F6217B8FF50092EC9C /* Build configuration list for PBXProject "Set Game Ver2.0" */ = {
			isa = XCConfigurationList;
			buildConfigurations = (
				BB52DA0B217B8FF80092EC9C /* Debug */,
				BB52DA0C217B8FF80092EC9C /* Release */,
			);
			defaultConfigurationIsVisible = 0;
			defaultConfigurationName = Release;
		};
		BB52DA0D217B8FF80092EC9C /* Build configuration list for PBXNativeTarget "Set Game Ver2.0" */ = {
			isa = XCConfigurationList;
			buildConfigurations = (
				BB52DA0E217B8FF80092EC9C /* Debug */,
				BB52DA0F217B8FF80092EC9C /* Release */,
			);
			defaultConfigurationIsVisible = 0;
			defaultConfigurationName = Release;
		};
/* End XCConfigurationList section */
	};
	rootObject = BB52D9F3217B8FF50092EC9C /* Project object */;
}
